
Microsoft Visual Studio Solution File, Format Version 12.00
# Visual Studio Version 17
VisualStudioVersion = 17.0.32126.317
MinimumVisualStudioVersion = 10.0.40219.1
Project("{9A19103F-16F7-4668-BE54-9A1E7A4F7556}") = "ClientApplication", "ClientApplication.csproj", "{8D822F0C-0CB7-42A8-882C-ABFBA50BEC8C}"
EndProject
Project("{9A19103F-16F7-4668-BE54-9A1E7A4F7556}") = "ServerApplication", "..\ServerApplication\ServerApplication.csproj", "{878D88E9-65A5-433B-A8EF-04EFCA9FAA4A}"
EndProject
Global
	GlobalSection(SolutionConfigurationPlatforms) = preSolution
		Debug|Any CPU = Debug|Any CPU
		Release|Any CPU = Release|Any CPU
	EndGlobalSection
	GlobalSection(ProjectConfigurationPlatforms) = postSolution
		{8D822F0C-0CB7-42A8-882C-ABFBA50BEC8C}.Debug|Any CPU.ActiveCfg = Debug|Any CPU
		{8D822F0C-0CB7-42A8-882C-ABFBA50BEC8C}.Debug|Any CPU.Build.0 = Debug|Any CPU
		{8D822F0C-0CB7-42A8-882C-ABFBA50BEC8C}.Release|Any CPU.ActiveCfg = Release|Any CPU
		{8D822F0C-0CB7-42A8-882C-ABFBA50BEC8C}.Release|Any CPU.Build.0 = Release|Any CPU
		{878D88E9-65A5-433B-A8EF-04EFCA9FAA4A}.Debug|Any CPU.ActiveCfg = Debug|Any CPU
		{878D88E9-65A5-433B-A8EF-04EFCA9FAA4A}.Debug|Any CPU.Build.0 = Debug|Any CPU
		{878D88E9-65A5-433B-A8EF-04EFCA9FAA4A}.Release|Any CPU.ActiveCfg = Release|Any CPU
		{878D88E9-65A5-433B-A8EF-04EFCA9FAA4A}.Release|Any CPU.Build.0 = Release|Any CPU
	EndGlobalSection
	GlobalSection(SolutionProperties) = preSolution
		HideSolutionNode = FALSE
	EndGlobalSection
	GlobalSection(ExtensibilityGlobals) = postSolution
		SolutionGuid = {6D07E52D-568E-44C7-8513-E559574120CC}
	EndGlobalSection
EndGlobal
